
Microsoft Visual Studio Solution File, Format Version 12.00
# Visual Studio Version 17
VisualStudioVersion = 17.5.33424.131
MinimumVisualStudioVersion = 10.0.40219.1
Project("{9A19103F-16F7-4668-BE54-9A1E7A4F7556}") = "Milestone Console Application", "Milestone Console Application\Milestone Console Application.csproj", "{C7E785DD-0787-455A-AFCD-3E23417657F8}"
EndProject
Project("{FAE04EC0-301F-11D3-BF4B-00C04F79EFBC}") = "Milestone Class Library", "Milestone Class Library\Milestone Class Library.csproj", "{E532EF49-F7ED-4578-831E-5FD1D1DC9E0C}"
EndProject
Global
	GlobalSection(SolutionConfigurationPlatforms) = preSolution
		Debug|Any CPU = Debug|Any CPU
		Release|Any CPU = Release|Any CPU
	EndGlobalSection
	GlobalSection(ProjectConfigurationPlatforms) = postSolution
		{C7E785DD-0787-455A-AFCD-3E23417657F8}.Debug|Any CPU.ActiveCfg = Debug|Any CPU
		{C7E785DD-0787-455A-AFCD-3E23417657F8}.Debug|Any CPU.Build.0 = Debug|Any CPU
		{C7E785DD-0787-455A-AFCD-3E23417657F8}.Release|Any CPU.ActiveCfg = Release|Any CPU
		{C7E785DD-0787-455A-AFCD-3E23417657F8}.Release|Any CPU.Build.0 = Release|Any CPU
		{E532EF49-F7ED-4578-831E-5FD1D1DC9E0C}.Debug|Any CPU.ActiveCfg = Debug|Any CPU
		{E532EF49-F7ED-4578-831E-5FD1D1DC9E0C}.Debug|Any CPU.Build.0 = Debug|Any CPU
		{E532EF49-F7ED-4578-831E-5FD1D1DC9E0C}.Release|Any CPU.ActiveCfg = Release|Any CPU
		{E532EF49-F7ED-4578-831E-5FD1D1DC9E0C}.Release|Any CPU.Build.0 = Release|Any CPU
	EndGlobalSection
	GlobalSection(SolutionProperties) = preSolution
		HideSolutionNode = FALSE
	EndGlobalSection
	GlobalSection(ExtensibilityGlobals) = postSolution
		SolutionGuid = {4557BEEB-7393-40B8-9764-B4B3D5D6642D}
	EndGlobalSection
EndGlobal
